
Microsoft Visual Studio Solution File, Format Version 9.00
# Visual Studio 2005
Project("{8BC9CEB8-8B4A-11D0-8D11-00A0C91BC942}") = "SLB", "SLB\SLB.vcproj", "{B9ACC346-BB7D-4774-8B2A-125C4893E731}"
EndProject
Project("{8BC9CEB8-8B4A-11D0-8D11-00A0C91BC942}") = "tests", "tests\tests.vcproj", "{B649E883-4647-4970-8796-E199E3421947}"
	ProjectSection(ProjectDependencies) = postProject
		{B9ACC346-BB7D-4774-8B2A-125C4893E731} = {B9ACC346-BB7D-4774-8B2A-125C4893E731}
	EndProjectSection
EndProject
Global
	GlobalSection(SolutionConfigurationPlatforms) = preSolution
		Debug|Win32 = Debug|Win32
		Release|Win32 = Release|Win32
	EndGlobalSection
	GlobalSection(ProjectConfigurationPlatforms) = postSolution
		{B9ACC346-BB7D-4774-8B2A-125C4893E731}.Debug|Win32.ActiveCfg = Debug|Win32
		{B9ACC346-BB7D-4774-8B2A-125C4893E731}.Debug|Win32.Build.0 = Debug|Win32
		{B9ACC346-BB7D-4774-8B2A-125C4893E731}.Release|Win32.ActiveCfg = Release|Win32
		{B9ACC346-BB7D-4774-8B2A-125C4893E731}.Release|Win32.Build.0 = Release|Win32
		{B649E883-4647-4970-8796-E199E3421947}.Debug|Win32.ActiveCfg = Debug|Win32
		{B649E883-4647-4970-8796-E199E3421947}.Debug|Win32.Build.0 = Debug|Win32
		{B649E883-4647-4970-8796-E199E3421947}.Release|Win32.ActiveCfg = Release|Win32
		{B649E883-4647-4970-8796-E199E3421947}.Release|Win32.Build.0 = Release|Win32
	EndGlobalSection
	GlobalSection(SolutionProperties) = preSolution
		HideSolutionNode = FALSE
	EndGlobalSection
EndGlobal
